
Microsoft Visual Studio Solution File, Format Version 12.00
# Visual Studio Version 17
VisualStudioVersion = 17.0.32014.148
MinimumVisualStudioVersion = 10.0.40219.1
Project("{2150E333-8FDC-42A3-9474-1A3956D46DE8}") = "Services", "Services", "{849C5C6F-CE9D-4E77-83B6-56F503BE0FFA}"
EndProject
Project("{2150E333-8FDC-42A3-9474-1A3956D46DE8}") = "Catalog", "Catalog", "{C76EA357-3520-499F-B82D-2CA4C6C3FCED}"
EndProject
Project("{FAE04EC0-301F-11D3-BF4B-00C04F79EFBC}") = "Catalog.API", "Services\Catalog\Catalog.API\Catalog.API.csproj", "{F925ABA4-16D6-4464-B7D6-E5572621161A}"
EndProject
Global
	GlobalSection(SolutionConfigurationPlatforms) = preSolution
		Debug|Any CPU = Debug|Any CPU
		Release|Any CPU = Release|Any CPU
	EndGlobalSection
	GlobalSection(ProjectConfigurationPlatforms) = postSolution
		{F925ABA4-16D6-4464-B7D6-E5572621161A}.Debug|Any CPU.ActiveCfg = Debug|Any CPU
		{F925ABA4-16D6-4464-B7D6-E5572621161A}.Debug|Any CPU.Build.0 = Debug|Any CPU
		{F925ABA4-16D6-4464-B7D6-E5572621161A}.Release|Any CPU.ActiveCfg = Release|Any CPU
		{F925ABA4-16D6-4464-B7D6-E5572621161A}.Release|Any CPU.Build.0 = Release|Any CPU
	EndGlobalSection
	GlobalSection(SolutionProperties) = preSolution
		HideSolutionNode = FALSE
	EndGlobalSection
	GlobalSection(NestedProjects) = preSolution
		{C76EA357-3520-499F-B82D-2CA4C6C3FCED} = {849C5C6F-CE9D-4E77-83B6-56F503BE0FFA}
		{F925ABA4-16D6-4464-B7D6-E5572621161A} = {C76EA357-3520-499F-B82D-2CA4C6C3FCED}
	EndGlobalSection
	GlobalSection(ExtensibilityGlobals) = postSolution
		SolutionGuid = {89C25473-B999-4AE7-9C4E-2EFE43A518A1}
	EndGlobalSection
EndGlobal
